
Microsoft Visual Studio Solution File, Format Version 12.00
# Visual Studio Version 16
VisualStudioVersion = 16.0.29424.173
MinimumVisualStudioVersion = 10.0.40219.1
Project("{FAE04EC0-301F-11D3-BF4B-00C04F79EFBC}") = "Streamfox.Server", "Streamfox.Server\Streamfox.Server.csproj", "{73F6A60C-D8FC-4325-BC6B-63408C3C3212}"
EndProject
Project("{FAE04EC0-301F-11D3-BF4B-00C04F79EFBC}") = "Streamfox.Server.Tests", "Streamfox.Server.Tests\Streamfox.Server.Tests.csproj", "{268FA7F6-B8C3-4E46-8459-49C585E4974A}"
EndProject
Global
	GlobalSection(SolutionConfigurationPlatforms) = preSolution
		Debug|Any CPU = Debug|Any CPU
		Release|Any CPU = Release|Any CPU
	EndGlobalSection
	GlobalSection(ProjectConfigurationPlatforms) = postSolution
		{73F6A60C-D8FC-4325-BC6B-63408C3C3212}.Debug|Any CPU.ActiveCfg = Debug|Any CPU
		{73F6A60C-D8FC-4325-BC6B-63408C3C3212}.Debug|Any CPU.Build.0 = Debug|Any CPU
		{73F6A60C-D8FC-4325-BC6B-63408C3C3212}.Release|Any CPU.ActiveCfg = Release|Any CPU
		{73F6A60C-D8FC-4325-BC6B-63408C3C3212}.Release|Any CPU.Build.0 = Release|Any CPU
		{268FA7F6-B8C3-4E46-8459-49C585E4974A}.Debug|Any CPU.ActiveCfg = Debug|Any CPU
		{268FA7F6-B8C3-4E46-8459-49C585E4974A}.Debug|Any CPU.Build.0 = Debug|Any CPU
		{268FA7F6-B8C3-4E46-8459-49C585E4974A}.Release|Any CPU.ActiveCfg = Release|Any CPU
		{268FA7F6-B8C3-4E46-8459-49C585E4974A}.Release|Any CPU.Build.0 = Release|Any CPU
	EndGlobalSection
	GlobalSection(SolutionProperties) = preSolution
		HideSolutionNode = FALSE
	EndGlobalSection
	GlobalSection(ExtensibilityGlobals) = postSolution
		SolutionGuid = {7799E7EB-8495-454E-8C3D-CA57549D0E17}
	EndGlobalSection
EndGlobal
